# This file was autogenerated by Stack.
# You should not edit this file by hand.
# For more information, please see the documentation at:
#   https://docs.haskellstack.org/en/stable/lock_files

packages:
- completed:
    hackage: floating-bits-0.3.0.0@sha256:742bcfcbc21b8daffc995990ee2399ab49550e8f4dd0dff1732d18f57a064c83,2442
    pantry-tree:
      size: 639
      sha256: 7781f2d8996de5910f986272598eda640372a953b21153804eb2712194653c1f
  original:
    hackage: floating-bits-0.3.0.0@sha256:742bcfcbc21b8daffc995990ee2399ab49550e8f4dd0dff1732d18f57a064c83,2442
snapshots:
- completed:
    size: 491373
    url: https://raw.githubusercontent.com/commercialhaskell/stackage-snapshots/master/lts/15/3.yaml
    sha256: 29e9ff61b8bf4b4fcff55cde3ac106ebb971f0d21331dccac9eee63374fa6ca8
  original: lts-15.3
